{
  "version": 4,
  "terraform_version": "1.7.2",
  "serial": 1,
  "lineage": "41f64b4b-d013-8c56-d885-c55fde1fc6db",
  "outputs": {},
  "resources": [
    {
      "mode": "managed",
      "type": "local_file",
      "name": "example",
      "provider": "provider[\"registry.terraform.io/hashicorp/local\"]",
      "instances": [
        {
          "schema_version": 0,
          "attributes": {
            "content": "ola mundo",
            "content_base64": null,
            "content_base64sha256": "IiBiK2L/pkiEfJHNWHoidpsIe71YN1Ka1UquTW0Lh58=",
            "content_base64sha512": "ryDidYcimYBmCEIwVs4sQC+l0r1ZrXyqEeMEeDxdwWC2yRHpje5a+KvMPEjawlW3bunBnCqu4kvPsBUGLGXTzw==",
            "content_md5": "3b2613ff007c695c2d560d0e9c9ccbcf",
            "content_sha1": "f9fc856e559b950175f2b7cd7dad61facbe58e7b",
            "content_sha256": "2220622b62ffa648847c91cd587a22769b087bbd5837529ad54aae4d6d0b879f",
            "content_sha512": "af20e275872299806608423056ce2c402fa5d2bd59ad7caa11e304783c5dc160b6c911e98dee5af8abcc3c48dac255b76ee9c19c2aaee24bcfb015062c65d3cf",
            "directory_permission": "0777",
            "file_permission": "0777",
            "filename": "example.txt",
            "id": "f9fc856e559b950175f2b7cd7dad61facbe58e7b",
            "sensitive_content": null,
            "source": null
          },
          "sensitive_attributes": []
        }
      ]
    }
  ],
  "check_results": null
}
