{
  "version": 4,
  "terraform_version": "1.7.2",
  "serial": 7,
  "lineage": "41f64b4b-d013-8c56-d885-c55fde1fc6db",
  "outputs": {
    "data-source-result": {
      "value": "hello world",
      "type": "string"
    },
    "id-do-arquivo": {
      "value": "2aae6c35c94fcfb415dbe95f408b9ce91ee846ed",
      "type": "string"
    }
  },
  "resources": [
    {
      "mode": "data",
      "type": "local_file",
      "name": "conteudo-exemplo",
      "provider": "provider[\"registry.terraform.io/hashicorp/local\"]",
      "instances": [
        {
          "schema_version": 0,
          "attributes": {
            "content": "hello world",
            "content_base64": "aGVsbG8gd29ybGQ=",
            "content_base64sha256": "uU0nuZNNPgilLlLX2n2r+sSE7+N6U4DukIj3rOLvzek=",
            "content_base64sha512": "MJ7MSJwS1utMxA9QyQLytNDtd+5RGnx6m808qG1M2G+YndNbxf9JlnDaNCVbRbDP2DDoH2Bdz33FVC6TrpzXbw==",
            "content_md5": "5eb63bbbe01eeed093cb22bb8f5acdc3",
            "content_sha1": "2aae6c35c94fcfb415dbe95f408b9ce91ee846ed",
            "content_sha256": "b94d27b9934d3e08a52e52d7da7dabfac484efe37a5380ee9088f7ace2efcde9",
            "content_sha512": "309ecc489c12d6eb4cc40f50c902f2b4d0ed77ee511a7c7a9bcd3ca86d4cd86f989dd35bc5ff499670da34255b45b0cfd830e81f605dcf7dc5542e93ae9cd76f",
            "filename": "example.txt",
            "id": "2aae6c35c94fcfb415dbe95f408b9ce91ee846ed"
          },
          "sensitive_attributes": []
        }
      ]
    },
    {
      "mode": "managed",
      "type": "local_file",
      "name": "example",
      "provider": "provider[\"registry.terraform.io/hashicorp/local\"]",
      "instances": [
        {
          "schema_version": 0,
          "attributes": {
            "content": "hello world",
            "content_base64": null,
            "content_base64sha256": "uU0nuZNNPgilLlLX2n2r+sSE7+N6U4DukIj3rOLvzek=",
            "content_base64sha512": "MJ7MSJwS1utMxA9QyQLytNDtd+5RGnx6m808qG1M2G+YndNbxf9JlnDaNCVbRbDP2DDoH2Bdz33FVC6TrpzXbw==",
            "content_md5": "5eb63bbbe01eeed093cb22bb8f5acdc3",
            "content_sha1": "2aae6c35c94fcfb415dbe95f408b9ce91ee846ed",
            "content_sha256": "b94d27b9934d3e08a52e52d7da7dabfac484efe37a5380ee9088f7ace2efcde9",
            "content_sha512": "309ecc489c12d6eb4cc40f50c902f2b4d0ed77ee511a7c7a9bcd3ca86d4cd86f989dd35bc5ff499670da34255b45b0cfd830e81f605dcf7dc5542e93ae9cd76f",
            "directory_permission": "0777",
            "file_permission": "0777",
            "filename": "example.txt",
            "id": "2aae6c35c94fcfb415dbe95f408b9ce91ee846ed",
            "sensitive_content": null,
            "source": null
          },
          "sensitive_attributes": []
        }
      ]
    }
  ],
  "check_results": null
}
